
Microsoft Visual Studio Solution File, Format Version 12.00
# Visual Studio Version 17
VisualStudioVersion = 17.10.35122.118
MinimumVisualStudioVersion = 10.0.40219.1
Project("{9A19103F-16F7-4668-BE54-9A1E7A4F7556}") = "anybotics-anymal", "anybotics-anymal\anybotics-anymal.csproj", "{3FE51995-7AF9-4B2B-9FFF-DA0858E2374E}"
EndProject
Project("{9A19103F-16F7-4668-BE54-9A1E7A4F7556}") = "anybotics-anymal-api", "anybotics-anymal-api\anybotics-anymal-api.csproj", "{BE69C7A3-0D72-425A-BAB1-432E2889E40D}"
EndProject
Project("{9A19103F-16F7-4668-BE54-9A1E7A4F7556}") = "anybotics-anymal-common", "anybotics-anymal-common\anybotics-anymal-common.csproj", "{6D7971E6-6CFB-473F-8C41-6F62D61B78B1}"
EndProject
Project("{2150E333-8FDC-42A3-9474-1A3956D46DE8}") = "Solution Items", "Solution Items", "{41F67B93-1983-4FCD-8A33-CBAB760F5839}"
	ProjectSection(SolutionItems) = preProject
		add_command.js = add_command.js
		agents.json = agents.json
		anybotics-c5ce9-b8d42a6f97b1.json = anybotics-c5ce9-b8d42a6f97b1.json
	EndProjectSection
EndProject
Project("{9A19103F-16F7-4668-BE54-9A1E7A4F7556}") = "anybotics-agent-runner", "anybotics-agent-runner\anybotics-agent-runner.csproj", "{372FBB22-8E6B-4485-ADCF-DE02FF6404DB}"
EndProject
Project("{9A19103F-16F7-4668-BE54-9A1E7A4F7556}") = "anybotics-unit-tests", "anybotics-unit-tests\anybotics-unit-tests.csproj", "{72DCB3AF-6403-45CD-AE30-67BAE5F39953}"
EndProject
Project("{9A19103F-16F7-4668-BE54-9A1E7A4F7556}") = "anybotics.auth", "anybotics.auth\anybotics.auth.csproj", "{CF908F6C-71E4-407C-AEC0-D1E167004B97}"
EndProject
Project("{2150E333-8FDC-42A3-9474-1A3956D46DE8}") = "Microservices", "Microservices", "{E707CB35-84ED-4A8E-BDA1-ECAB7B006A96}"
EndProject
Project("{9A19103F-16F7-4668-BE54-9A1E7A4F7556}") = "anybotics.event-simulation", "anybotics.event-simulation\anybotics.event-simulation.csproj", "{2AB555D1-BA25-4133-8250-C0DAE60BF8D6}"
EndProject
Project("{9A19103F-16F7-4668-BE54-9A1E7A4F7556}") = "anybotics.admin", "anybotics.admin\anybotics.admin.csproj", "{A0D8C524-DC7C-48D7-99D2-7562CDAFFF53}"
EndProject
Global
	GlobalSection(SolutionConfigurationPlatforms) = preSolution
		Debug|Any CPU = Debug|Any CPU
		Release|Any CPU = Release|Any CPU
	EndGlobalSection
	GlobalSection(ProjectConfigurationPlatforms) = postSolution
		{3FE51995-7AF9-4B2B-9FFF-DA0858E2374E}.Debug|Any CPU.ActiveCfg = Debug|Any CPU
		{3FE51995-7AF9-4B2B-9FFF-DA0858E2374E}.Debug|Any CPU.Build.0 = Debug|Any CPU
		{3FE51995-7AF9-4B2B-9FFF-DA0858E2374E}.Release|Any CPU.ActiveCfg = Release|Any CPU
		{3FE51995-7AF9-4B2B-9FFF-DA0858E2374E}.Release|Any CPU.Build.0 = Release|Any CPU
		{BE69C7A3-0D72-425A-BAB1-432E2889E40D}.Debug|Any CPU.ActiveCfg = Debug|Any CPU
		{BE69C7A3-0D72-425A-BAB1-432E2889E40D}.Debug|Any CPU.Build.0 = Debug|Any CPU
		{BE69C7A3-0D72-425A-BAB1-432E2889E40D}.Release|Any CPU.ActiveCfg = Release|Any CPU
		{BE69C7A3-0D72-425A-BAB1-432E2889E40D}.Release|Any CPU.Build.0 = Release|Any CPU
		{6D7971E6-6CFB-473F-8C41-6F62D61B78B1}.Debug|Any CPU.ActiveCfg = Debug|Any CPU
		{6D7971E6-6CFB-473F-8C41-6F62D61B78B1}.Debug|Any CPU.Build.0 = Debug|Any CPU
		{6D7971E6-6CFB-473F-8C41-6F62D61B78B1}.Release|Any CPU.ActiveCfg = Release|Any CPU
		{6D7971E6-6CFB-473F-8C41-6F62D61B78B1}.Release|Any CPU.Build.0 = Release|Any CPU
		{372FBB22-8E6B-4485-ADCF-DE02FF6404DB}.Debug|Any CPU.ActiveCfg = Debug|Any CPU
		{372FBB22-8E6B-4485-ADCF-DE02FF6404DB}.Debug|Any CPU.Build.0 = Debug|Any CPU
		{372FBB22-8E6B-4485-ADCF-DE02FF6404DB}.Release|Any CPU.ActiveCfg = Release|Any CPU
		{372FBB22-8E6B-4485-ADCF-DE02FF6404DB}.Release|Any CPU.Build.0 = Release|Any CPU
		{72DCB3AF-6403-45CD-AE30-67BAE5F39953}.Debug|Any CPU.ActiveCfg = Debug|Any CPU
		{72DCB3AF-6403-45CD-AE30-67BAE5F39953}.Debug|Any CPU.Build.0 = Debug|Any CPU
		{72DCB3AF-6403-45CD-AE30-67BAE5F39953}.Release|Any CPU.ActiveCfg = Release|Any CPU
		{72DCB3AF-6403-45CD-AE30-67BAE5F39953}.Release|Any CPU.Build.0 = Release|Any CPU
		{CF908F6C-71E4-407C-AEC0-D1E167004B97}.Debug|Any CPU.ActiveCfg = Debug|Any CPU
		{CF908F6C-71E4-407C-AEC0-D1E167004B97}.Debug|Any CPU.Build.0 = Debug|Any CPU
		{CF908F6C-71E4-407C-AEC0-D1E167004B97}.Release|Any CPU.ActiveCfg = Release|Any CPU
		{CF908F6C-71E4-407C-AEC0-D1E167004B97}.Release|Any CPU.Build.0 = Release|Any CPU
		{2AB555D1-BA25-4133-8250-C0DAE60BF8D6}.Debug|Any CPU.ActiveCfg = Debug|Any CPU
		{2AB555D1-BA25-4133-8250-C0DAE60BF8D6}.Debug|Any CPU.Build.0 = Debug|Any CPU
		{2AB555D1-BA25-4133-8250-C0DAE60BF8D6}.Release|Any CPU.ActiveCfg = Release|Any CPU
		{2AB555D1-BA25-4133-8250-C0DAE60BF8D6}.Release|Any CPU.Build.0 = Release|Any CPU
		{A0D8C524-DC7C-48D7-99D2-7562CDAFFF53}.Debug|Any CPU.ActiveCfg = Debug|Any CPU
		{A0D8C524-DC7C-48D7-99D2-7562CDAFFF53}.Debug|Any CPU.Build.0 = Debug|Any CPU
		{A0D8C524-DC7C-48D7-99D2-7562CDAFFF53}.Release|Any CPU.ActiveCfg = Release|Any CPU
		{A0D8C524-DC7C-48D7-99D2-7562CDAFFF53}.Release|Any CPU.Build.0 = Release|Any CPU
	EndGlobalSection
	GlobalSection(SolutionProperties) = preSolution
		HideSolutionNode = FALSE
	EndGlobalSection
	GlobalSection(NestedProjects) = preSolution
		{CF908F6C-71E4-407C-AEC0-D1E167004B97} = {E707CB35-84ED-4A8E-BDA1-ECAB7B006A96}
		{2AB555D1-BA25-4133-8250-C0DAE60BF8D6} = {E707CB35-84ED-4A8E-BDA1-ECAB7B006A96}
		{A0D8C524-DC7C-48D7-99D2-7562CDAFFF53} = {E707CB35-84ED-4A8E-BDA1-ECAB7B006A96}
	EndGlobalSection
	GlobalSection(ExtensibilityGlobals) = postSolution
		SolutionGuid = {A35B3E45-7A42-4E4B-9161-936059C3B9BE}
	EndGlobalSection
EndGlobal
